
Microsoft Visual Studio Solution File, Format Version 12.00
# Visual Studio Version 16
VisualStudioVersion = 16.0.29609.76
MinimumVisualStudioVersion = 10.0.40219.1
Project("{FAE04EC0-301F-11D3-BF4B-00C04F79EFBC}") = "Kent.Cli", "Kent.Cli\Kent.Cli.csproj", "{187D851B-9AEC-4B45-B1EB-027BE6C5BAD8}"
EndProject
Global
	GlobalSection(SolutionConfigurationPlatforms) = preSolution
		Debug|Any CPU = Debug|Any CPU
		Release|Any CPU = Release|Any CPU
	EndGlobalSection
	GlobalSection(ProjectConfigurationPlatforms) = postSolution
		{187D851B-9AEC-4B45-B1EB-027BE6C5BAD8}.Debug|Any CPU.ActiveCfg = Debug|Any CPU
		{187D851B-9AEC-4B45-B1EB-027BE6C5BAD8}.Debug|Any CPU.Build.0 = Debug|Any CPU
		{187D851B-9AEC-4B45-B1EB-027BE6C5BAD8}.Release|Any CPU.ActiveCfg = Release|Any CPU
		{187D851B-9AEC-4B45-B1EB-027BE6C5BAD8}.Release|Any CPU.Build.0 = Release|Any CPU
	EndGlobalSection
	GlobalSection(SolutionProperties) = preSolution
		HideSolutionNode = FALSE
	EndGlobalSection
	GlobalSection(ExtensibilityGlobals) = postSolution
		SolutionGuid = {28DD6A36-5EA0-4775-9365-3D5D4A3EC590}
	EndGlobalSection
EndGlobal
